
Microsoft Visual Studio Solution File, Format Version 12.00
# Visual Studio Version 17
VisualStudioVersion = 17.4.33122.133
MinimumVisualStudioVersion = 10.0.40219.1
Project("{8BC9CEB8-8B4A-11D0-8D11-00A0C91BC942}") = "Simple3D", "Simple3D\Simple3D.vcxproj", "{BB6D390A-1C69-4F74-B3A4-773ADDEEE20C}"
EndProject
Global
	GlobalSection(SolutionConfigurationPlatforms) = preSolution
		Debug|x64 = Debug|x64
		Debug|x86 = Debug|x86
		Release|x64 = Release|x64
		Release|x86 = Release|x86
	EndGlobalSection
	GlobalSection(ProjectConfigurationPlatforms) = postSolution
		{BB6D390A-1C69-4F74-B3A4-773ADDEEE20C}.Debug|x64.ActiveCfg = Debug|x64
		{BB6D390A-1C69-4F74-B3A4-773ADDEEE20C}.Debug|x64.Build.0 = Debug|x64
		{BB6D390A-1C69-4F74-B3A4-773ADDEEE20C}.Debug|x86.ActiveCfg = Debug|Win32
		{BB6D390A-1C69-4F74-B3A4-773ADDEEE20C}.Debug|x86.Build.0 = Debug|Win32
		{BB6D390A-1C69-4F74-B3A4-773ADDEEE20C}.Release|x64.ActiveCfg = Release|x64
		{BB6D390A-1C69-4F74-B3A4-773ADDEEE20C}.Release|x64.Build.0 = Release|x64
		{BB6D390A-1C69-4F74-B3A4-773ADDEEE20C}.Release|x86.ActiveCfg = Release|Win32
		{BB6D390A-1C69-4F74-B3A4-773ADDEEE20C}.Release|x86.Build.0 = Release|Win32
	EndGlobalSection
	GlobalSection(SolutionProperties) = preSolution
		HideSolutionNode = FALSE
	EndGlobalSection
	GlobalSection(ExtensibilityGlobals) = postSolution
		SolutionGuid = {08B7C991-A578-4E4E-B7CB-9A5FB61AE33A}
	EndGlobalSection
EndGlobal
